// !$*UTF8*$!
{
	archiveVersion = 1;
	classes = {
	};
	objectVersion = 46;
	objects = {

/* Begin PBXBuildFile section */
		953C6E901E4F8C2200B656C3 /* Operation.swift in Sources */ = {isa = PBXBuildFile; fileRef = 953C6E8F1E4F8C2200B656C3 /* Operation.swift */; };
		956011121E4F35E5009A14DC /* Expression.swift in Sources */ = {isa = PBXBuildFile; fileRef = 956011111E4F35E5009A14DC /* Expression.swift */; };
		959DAC6F1E4F4A9200D6770D /* ExpressionHandle.swift in Sources */ = {isa = PBXBuildFile; fileRef = 959DAC6E1E4F4A9200D6770D /* ExpressionHandle.swift */; };
		95A545FB1E5074E100B0295C /* HistoryViewController.swift in Sources */ = {isa = PBXBuildFile; fileRef = 95A545FA1E5074E100B0295C /* HistoryViewController.swift */; };
		95E2DEFC1E48B3E6006905E8 /* AppDelegate.swift in Sources */ = {isa = PBXBuildFile; fileRef = 95E2DEFB1E48B3E6006905E8 /* AppDelegate.swift */; };
		95E2DEFE1E48B3E6006905E8 /* ViewController.swift in Sources */ = {isa = PBXBuildFile; fileRef = 95E2DEFD1E48B3E6006905E8 /* ViewController.swift */; };
		95E2DF011E48B3E6006905E8 /* Main.storyboard in Resources */ = {isa = PBXBuildFile; fileRef = 95E2DEFF1E48B3E6006905E8 /* Main.storyboard */; };
		95E2DF031E48B3E6006905E8 /* Assets.xcassets in Resources */ = {isa = PBXBuildFile; fileRef = 95E2DF021E48B3E6006905E8 /* Assets.xcassets */; };
		95E2DF061E48B3E6006905E8 /* LaunchScreen.storyboard in Resources */ = {isa = PBXBuildFile; fileRef = 95E2DF041E48B3E6006905E8 /* LaunchScreen.storyboard */; };
/* End PBXBuildFile section */

/* Begin PBXFileReference section */
		953C6E8F1E4F8C2200B656C3 /* Operation.swift */ = {isa = PBXFileReference; fileEncoding = 4; lastKnownFileType = sourcecode.swift; path = Operation.swift; sourceTree = "<group>"; };
		956011111E4F35E5009A14DC /* Expression.swift */ = {isa = PBXFileReference; fileEncoding = 4; lastKnownFileType = sourcecode.swift; path = Expression.swift; sourceTree = "<group>"; };
		959DAC6E1E4F4A9200D6770D /* ExpressionHandle.swift */ = {isa = PBXFileReference; fileEncoding = 4; lastKnownFileType = sourcecode.swift; path = ExpressionHandle.swift; sourceTree = "<group>"; };
		95A545FA1E5074E100B0295C /* HistoryViewController.swift */ = {isa = PBXFileReference; fileEncoding = 4; lastKnownFileType = sourcecode.swift; path = HistoryViewController.swift; sourceTree = "<group>"; };
		95E2DEF81E48B3E6006905E8 /* ios-calculator.app */ = {isa = PBXFileReference; explicitFileType = wrapper.application; includeInIndex = 0; path = "ios-calculator.app"; sourceTree = BUILT_PRODUCTS_DIR; };
		95E2DEFB1E48B3E6006905E8 /* AppDelegate.swift */ = {isa = PBXFileReference; lastKnownFileType = sourcecode.swift; path = AppDelegate.swift; sourceTree = "<group>"; };
		95E2DEFD1E48B3E6006905E8 /* ViewController.swift */ = {isa = PBXFileReference; lastKnownFileType = sourcecode.swift; path = ViewController.swift; sourceTree = "<group>"; };
		95E2DF001E48B3E6006905E8 /* Base */ = {isa = PBXFileReference; lastKnownFileType = file.storyboard; name = Base; path = Base.lproj/Main.storyboard; sourceTree = "<group>"; };
		95E2DF021E48B3E6006905E8 /* Assets.xcassets */ = {isa = PBXFileReference; lastKnownFileType = folder.assetcatalog; path = Assets.xcassets; sourceTree = "<group>"; };
		95E2DF051E48B3E6006905E8 /* Base */ = {isa = PBXFileReference; lastKnownFileType = file.storyboard; name = Base; path = Base.lproj/LaunchScreen.storyboard; sourceTree = "<group>"; };
		95E2DF071E48B3E6006905E8 /* Info.plist */ = {isa = PBXFileReference; lastKnownFileType = text.plist.xml; path = Info.plist; sourceTree = "<group>"; };
/* End PBXFileReference section */

/* Begin PBXFrameworksBuildPhase section */
		95E2DEF51E48B3E6006905E8 /* Frameworks */ = {
			isa = PBXFrameworksBuildPhase;
			buildActionMask = 2147483647;
			files = (
			);
			runOnlyForDeploymentPostprocessing = 0;
		};
/* End PBXFrameworksBuildPhase section */

/* Begin PBXGroup section */
		9562B2451E4FA80100244D18 /* Model */ = {
			isa = PBXGroup;
			children = (
				953C6E8F1E4F8C2200B656C3 /* Operation.swift */,
				959DAC6E1E4F4A9200D6770D /* ExpressionHandle.swift */,
				956011111E4F35E5009A14DC /* Expression.swift */,
			);
			name = Model;
			sourceTree = "<group>";
		};
		95E2DEEF1E48B3E5006905E8 = {
			isa = PBXGroup;
			children = (
				95E2DEFA1E48B3E6006905E8 /* ios-calculator */,
				95E2DEF91E48B3E6006905E8 /* Products */,
			);
			sourceTree = "<group>";
		};
		95E2DEF91E48B3E6006905E8 /* Products */ = {
			isa = PBXGroup;
			children = (
				95E2DEF81E48B3E6006905E8 /* ios-calculator.app */,
			);
			name = Products;
			sourceTree = "<group>";
		};
		95E2DEFA1E48B3E6006905E8 /* ios-calculator */ = {
			isa = PBXGroup;
			children = (
				9562B2451E4FA80100244D18 /* Model */,
				95E2DEFB1E48B3E6006905E8 /* AppDelegate.swift */,
				95E2DEFD1E48B3E6006905E8 /* ViewController.swift */,
				95A545FA1E5074E100B0295C /* HistoryViewController.swift */,
				95E2DEFF1E48B3E6006905E8 /* Main.storyboard */,
				95E2DF021E48B3E6006905E8 /* Assets.xcassets */,
				95E2DF041E48B3E6006905E8 /* LaunchScreen.storyboard */,
				95E2DF071E48B3E6006905E8 /* Info.plist */,
			);
			path = "ios-calculator";
			sourceTree = "<group>";
		};
/* End PBXGroup section */

/* Begin PBXNativeTarget section */
		95E2DEF71E48B3E6006905E8 /* ios-calculator */ = {
			isa = PBXNativeTarget;
			buildConfigurationList = 95E2DF0A1E48B3E6006905E8 /* Build configuration list for PBXNativeTarget "ios-calculator" */;
			buildPhases = (
				95E2DEF41E48B3E6006905E8 /* Sources */,
				95E2DEF51E48B3E6006905E8 /* Frameworks */,
				95E2DEF61E48B3E6006905E8 /* Resources */,
			);
			buildRules = (
			);
			dependencies = (
			);
			name = "ios-calculator";
			productName = "ios-calculator";
			productReference = 95E2DEF81E48B3E6006905E8 /* ios-calculator.app */;
			productType = "com.apple.product-type.application";
		};
/* End PBXNativeTarget section */

/* Begin PBXProject section */
		95E2DEF01E48B3E5006905E8 /* Project object */ = {
			isa = PBXProject;
			attributes = {
				LastSwiftUpdateCheck = 0820;
				LastUpgradeCheck = 0820;
				ORGANIZATIONNAME = "Николай";
				TargetAttributes = {
					95E2DEF71E48B3E6006905E8 = {
						CreatedOnToolsVersion = 8.2.1;
						ProvisioningStyle = Automatic;
					};
				};
			};
			buildConfigurationList = 95E2DEF31E48B3E5006905E8 /* Build configuration list for PBXProject "ios-calculator" */;
			compatibilityVersion = "Xcode 3.2";
			developmentRegion = English;
			hasScannedForEncodings = 0;
			knownRegions = (
				en,
				Base,
			);
			mainGroup = 95E2DEEF1E48B3E5006905E8;
			productRefGroup = 95E2DEF91E48B3E6006905E8 /* Products */;
			projectDirPath = "";
			projectRoot = "";
			targets = (
				95E2DEF71E48B3E6006905E8 /* ios-calculator */,
			);
		};
/* End PBXProject section */

/* Begin PBXResourcesBuildPhase section */
		95E2DEF61E48B3E6006905E8 /* Resources */ = {
			isa = PBXResourcesBuildPhase;
			buildActionMask = 2147483647;
			files = (
				95E2DF061E48B3E6006905E8 /* LaunchScreen.storyboard in Resources */,
				95E2DF031E48B3E6006905E8 /* Assets.xcassets in Resources */,
				95E2DF011E48B3E6006905E8 /* Main.storyboard in Resources */,
			);
			runOnlyForDeploymentPostprocessing = 0;
		};
/* End PBXResourcesBuildPhase section */

/* Begin PBXSourcesBuildPhase section */
		95E2DEF41E48B3E6006905E8 /* Sources */ = {
			isa = PBXSourcesBuildPhase;
			buildActionMask = 2147483647;
			files = (
				95E2DEFE1E48B3E6006905E8 /* ViewController.swift in Sources */,
				95E2DEFC1E48B3E6006905E8 /* AppDelegate.swift in Sources */,
				953C6E901E4F8C2200B656C3 /* Operation.swift in Sources */,
				95A545FB1E5074E100B0295C /* HistoryViewController.swift in Sources */,
				956011121E4F35E5009A14DC /* Expression.swift in Sources */,
				959DAC6F1E4F4A9200D6770D /* ExpressionHandle.swift in Sources */,
			);
			runOnlyForDeploymentPostprocessing = 0;
		};
/* End PBXSourcesBuildPhase section */

/* Begin PBXVariantGroup section */
		95E2DEFF1E48B3E6006905E8 /* Main.storyboard */ = {
			isa = PBXVariantGroup;
			children = (
				95E2DF001E48B3E6006905E8 /* Base */,
			);
			name = Main.storyboard;
			sourceTree = "<group>";
		};
		95E2DF041E48B3E6006905E8 /* LaunchScreen.storyboard */ = {
			isa = PBXVariantGroup;
			children = (
				95E2DF051E48B3E6006905E8 /* Base */,
			);
			name = LaunchScreen.storyboard;
			sourceTree = "<group>";
		};
/* End PBXVariantGroup section */

/* Begin XCBuildConfiguration section */
		95E2DF081E48B3E6006905E8 /* Debug */ = {
			isa = XCBuildConfiguration;
			buildSettings = {
				ALWAYS_SEARCH_USER_PATHS = NO;
				CLANG_ANALYZER_NONNULL = YES;
				CLANG_CXX_LANGUAGE_STANDARD = "gnu++0x";
				CLANG_CXX_LIBRARY = "libc++";
				CLANG_ENABLE_MODULES = YES;
				CLANG_ENABLE_OBJC_ARC = YES;
				CLANG_WARN_BOOL_CONVERSION = YES;
				CLANG_WARN_CONSTANT_CONVERSION = YES;
				CLANG_WARN_DIRECT_OBJC_ISA_USAGE = YES_ERROR;
				CLANG_WARN_DOCUMENTATION_COMMENTS = YES;
				CLANG_WARN_EMPTY_BODY = YES;
				CLANG_WARN_ENUM_CONVERSION = YES;
				CLANG_WARN_INFINITE_RECURSION = YES;
				CLANG_WARN_INT_CONVERSION = YES;
				CLANG_WARN_OBJC_ROOT_CLASS = YES_ERROR;
				CLANG_WARN_SUSPICIOUS_MOVE = YES;
				CLANG_WARN_UNREACHABLE_CODE = YES;
				CLANG_WARN__DUPLICATE_METHOD_MATCH = YES;
				"CODE_SIGN_IDENTITY[sdk=iphoneos*]" = "iPhone Developer";
				COPY_PHASE_STRIP = NO;
				DEBUG_INFORMATION_FORMAT = dwarf;
				ENABLE_STRICT_OBJC_MSGSEND = YES;
				ENABLE_TESTABILITY = YES;
				GCC_C_LANGUAGE_STANDARD = gnu99;
				GCC_DYNAMIC_NO_PIC = NO;
				GCC_NO_COMMON_BLOCKS = YES;
				GCC_OPTIMIZATION_LEVEL = 0;
				GCC_PREPROCESSOR_DEFINITIONS = (
					"DEBUG=1",
					"$(inherited)",
				);
				GCC_WARN_64_TO_32_BIT_CONVERSION = YES;
				GCC_WARN_ABOUT_RETURN_TYPE = YES_ERROR;
				GCC_WARN_UNDECLARED_SELECTOR = YES;
				GCC_WARN_UNINITIALIZED_AUTOS = YES_AGGRESSIVE;
				GCC_WARN_UNUSED_FUNCTION = YES;
				GCC_WARN_UNUSED_VARIABLE = YES;
				IPHONEOS_DEPLOYMENT_TARGET = 10.2;
				MTL_ENABLE_DEBUG_INFO = YES;
				ONLY_ACTIVE_ARCH = YES;
				SDKROOT = iphoneos;
				SWIFT_ACTIVE_COMPILATION_CONDITIONS = DEBUG;
				SWIFT_OPTIMIZATION_LEVEL = "-Onone";
				TARGETED_DEVICE_FAMILY = "1,2";
			};
			name = Debug;
		};
		95E2DF091E48B3E6006905E8 /* Release */ = {
			isa = XCBuildConfiguration;
			buildSettings = {
				ALWAYS_SEARCH_USER_PATHS = NO;
				CLANG_ANALYZER_NONNULL = YES;
				CLANG_CXX_LANGUAGE_STANDARD = "gnu++0x";
				CLANG_CXX_LIBRARY = "libc++";
				CLANG_ENABLE_MODULES = YES;
				CLANG_ENABLE_OBJC_ARC = YES;
				CLANG_WARN_BOOL_CONVERSION = YES;
				CLANG_WARN_CONSTANT_CONVERSION = YES;
				CLANG_WARN_DIRECT_OBJC_ISA_USAGE = YES_ERROR;
				CLANG_WARN_DOCUMENTATION_COMMENTS = YES;
				CLANG_WARN_EMPTY_BODY = YES;
				CLANG_WARN_ENUM_CONVERSION = YES;
				CLANG_WARN_INFINITE_RECURSION = YES;
				CLANG_WARN_INT_CONVERSION = YES;
				CLANG_WARN_OBJC_ROOT_CLASS = YES_ERROR;
				CLANG_WARN_SUSPICIOUS_MOVE = YES;
				CLANG_WARN_UNREACHABLE_CODE = YES;
				CLANG_WARN__DUPLICATE_METHOD_MATCH = YES;
				"CODE_SIGN_IDENTITY[sdk=iphoneos*]" = "iPhone Developer";
				COPY_PHASE_STRIP = NO;
				DEBUG_INFORMATION_FORMAT = "dwarf-with-dsym";
				ENABLE_NS_ASSERTIONS = NO;
				ENABLE_STRICT_OBJC_MSGSEND = YES;
				GCC_C_LANGUAGE_STANDARD = gnu99;
				GCC_NO_COMMON_BLOCKS = YES;
				GCC_WARN_64_TO_32_BIT_CONVERSION = YES;
				GCC_WARN_ABOUT_RETURN_TYPE = YES_ERROR;
				GCC_WARN_UNDECLARED_SELECTOR = YES;
				GCC_WARN_UNINITIALIZED_AUTOS = YES_AGGRESSIVE;
				GCC_WARN_UNUSED_FUNCTION = YES;
				GCC_WARN_UNUSED_VARIABLE = YES;
				IPHONEOS_DEPLOYMENT_TARGET = 10.2;
				MTL_ENABLE_DEBUG_INFO = NO;
				SDKROOT = iphoneos;
				SWIFT_OPTIMIZATION_LEVEL = "-Owholemodule";
				TARGETED_DEVICE_FAMILY = "1,2";
				VALIDATE_PRODUCT = YES;
			};
			name = Release;
		};
		95E2DF0B1E48B3E6006905E8 /* Debug */ = {
			isa = XCBuildConfiguration;
			buildSettings = {
				ASSETCATALOG_COMPILER_APPICON_NAME = AppIcon;
				INFOPLIST_FILE = "ios-calculator/Info.plist";
				LD_RUNPATH_SEARCH_PATHS = "$(inherited) @executable_path/Frameworks";
				PRODUCT_BUNDLE_IDENTIFIER = "com.nikolay.ios-calculator";
				PRODUCT_NAME = "$(TARGET_NAME)";
				SWIFT_VERSION = 3.0;
			};
			name = Debug;
		};
		95E2DF0C1E48B3E6006905E8 /* Release */ = {
			isa = XCBuildConfiguration;
			buildSettings = {
				ASSETCATALOG_COMPILER_APPICON_NAME = AppIcon;
				INFOPLIST_FILE = "ios-calculator/Info.plist";
				LD_RUNPATH_SEARCH_PATHS = "$(inherited) @executable_path/Frameworks";
				PRODUCT_BUNDLE_IDENTIFIER = "com.nikolay.ios-calculator";
				PRODUCT_NAME = "$(TARGET_NAME)";
				SWIFT_VERSION = 3.0;
			};
			name = Release;
		};
/* End XCBuildConfiguration section */

/* Begin XCConfigurationList section */
		95E2DEF31E48B3E5006905E8 /* Build configuration list for PBXProject "ios-calculator" */ = {
			isa = XCConfigurationList;
			buildConfigurations = (
				95E2DF081E48B3E6006905E8 /* Debug */,
				95E2DF091E48B3E6006905E8 /* Release */,
			);
			defaultConfigurationIsVisible = 0;
			defaultConfigurationName = Release;
		};
		95E2DF0A1E48B3E6006905E8 /* Build configuration list for PBXNativeTarget "ios-calculator" */ = {
			isa = XCConfigurationList;
			buildConfigurations = (
				95E2DF0B1E48B3E6006905E8 /* Debug */,
				95E2DF0C1E48B3E6006905E8 /* Release */,
			);
			defaultConfigurationIsVisible = 0;
			defaultConfigurationName = Release;
		};
/* End XCConfigurationList section */
	};
	rootObject = 95E2DEF01E48B3E5006905E8 /* Project object */;
}
